
Microsoft Visual Studio Solution File, Format Version 12.00
# Visual Studio 15
Project("{FAE04EC0-301F-11D3-BF4B-00C04F79EFBC}") = "Assembly-CSharp", "Assembly-CSharp.csproj", "{5E02AD93-0587-5205-6113-186F6B8E2B36}"
EndProject
Project("{FAE04EC0-301F-11D3-BF4B-00C04F79EFBC}") = "PhotonRealtime", "PhotonRealtime.csproj", "{59F3C2EE-C0AA-81EB-5376-0A6A6F7B8602}"
EndProject
Global
	GlobalSection(SolutionConfigurationPlatforms) = preSolution
		Debug|Any CPU = Debug|Any CPU
		Release|Any CPU = Release|Any CPU
	EndGlobalSection
	GlobalSection(ProjectConfigurationPlatforms) = postSolution
		{5E02AD93-0587-5205-6113-186F6B8E2B36}.Debug|Any CPU.ActiveCfg = Debug|Any CPU
		{5E02AD93-0587-5205-6113-186F6B8E2B36}.Debug|Any CPU.Build.0 = Debug|Any CPU
		{5E02AD93-0587-5205-6113-186F6B8E2B36}.Release|Any CPU.ActiveCfg = Release|Any CPU
		{5E02AD93-0587-5205-6113-186F6B8E2B36}.Release|Any CPU.Build.0 = Release|Any CPU
		{59F3C2EE-C0AA-81EB-5376-0A6A6F7B8602}.Debug|Any CPU.ActiveCfg = Debug|Any CPU
		{59F3C2EE-C0AA-81EB-5376-0A6A6F7B8602}.Debug|Any CPU.Build.0 = Debug|Any CPU
		{59F3C2EE-C0AA-81EB-5376-0A6A6F7B8602}.Release|Any CPU.ActiveCfg = Release|Any CPU
		{59F3C2EE-C0AA-81EB-5376-0A6A6F7B8602}.Release|Any CPU.Build.0 = Release|Any CPU
	EndGlobalSection
	GlobalSection(SolutionProperties) = preSolution
		HideSolutionNode = FALSE
	EndGlobalSection
EndGlobal
